
Microsoft Visual Studio Solution File, Format Version 12.00
# Visual Studio Version 17
VisualStudioVersion = 17.2.32630.192
MinimumVisualStudioVersion = 10.0.40219.1
Project("{FAE04EC0-301F-11D3-BF4B-00C04F79EFBC}") = "CnTemperatura", "CnTemperatura.csproj", "{65486721-5FF7-4CE9-870A-8D6C38EB0350}"
EndProject
Global
	GlobalSection(SolutionConfigurationPlatforms) = preSolution
		Debug|Any CPU = Debug|Any CPU
		Release|Any CPU = Release|Any CPU
	EndGlobalSection
	GlobalSection(ProjectConfigurationPlatforms) = postSolution
		{65486721-5FF7-4CE9-870A-8D6C38EB0350}.Debug|Any CPU.ActiveCfg = Debug|Any CPU
		{65486721-5FF7-4CE9-870A-8D6C38EB0350}.Debug|Any CPU.Build.0 = Debug|Any CPU
		{65486721-5FF7-4CE9-870A-8D6C38EB0350}.Release|Any CPU.ActiveCfg = Release|Any CPU
		{65486721-5FF7-4CE9-870A-8D6C38EB0350}.Release|Any CPU.Build.0 = Release|Any CPU
	EndGlobalSection
	GlobalSection(SolutionProperties) = preSolution
		HideSolutionNode = FALSE
	EndGlobalSection
	GlobalSection(ExtensibilityGlobals) = postSolution
		SolutionGuid = {8BBBD556-74ED-4BEB-9ABC-0ED06CC09D04}
	EndGlobalSection
EndGlobal
